#MicroXplorer Configuration settings - do not modify
#Mon Aug 03 17:27:17 MSK 2015
ADC2.Channel-0\#ChannelRegularConversion=ADC_CHANNEL_0
ADC2.IPParameters=Channel-0\#ChannelRegularConversion,SamplingTime-0\#ChannelRegularConversion,Rank-0\#ChannelRegularConversion
ADC2.Rank-0\#ChannelRegularConversion=1
ADC2.SamplingTime-0\#ChannelRegularConversion=ADC_SAMPLETIME_1CYCLE_5
Dma.Request0=SPI1_TX
Dma.RequestsNb=1
Dma.SPI1_TX.0.Direction=DMA_MEMORY_TO_PERIPH
Dma.SPI1_TX.0.Instance=DMA1_Channel3
Dma.SPI1_TX.0.MemDataAlignment=DMA_MDATAALIGN_BYTE
Dma.SPI1_TX.0.MemInc=DMA_MINC_ENABLE
Dma.SPI1_TX.0.Mode=DMA_NORMAL
Dma.SPI1_TX.0.PeriphDataAlignment=DMA_PDATAALIGN_BYTE
Dma.SPI1_TX.0.PeriphInc=DMA_PINC_DISABLE
Dma.SPI1_TX.0.Priority=DMA_PRIORITY_LOW
Dma.SPI1_TX.0.RequestParameters=Instance,Direction,PeriphInc,MemInc,PeriphDataAlignment,MemDataAlignment,Mode,Priority
FREERTOS.BinarySemaphores01=SPI1BinarySem
FREERTOS.IPParameters=Tasks01,configTOTAL_HEAP_SIZE,BinarySemaphores01
FREERTOS.Tasks01=LCDTask,0,128,StartLCDTask;UserManagement,0,128,StartUserManagementTask;I2CTimeTask,0,128,StartI2CTimeTask;NRFf24Task,0,256,StartNrf24Task
FREERTOS.configTOTAL_HEAP_SIZE=8192
File.Version=5
KeepUserPlacement=false
Mcu.Family=STM32F1
Mcu.IP0=ADC2
Mcu.IP1=DMA
Mcu.IP2=FREERTOS
Mcu.IP3=I2C1
Mcu.IP4=NVIC
Mcu.IP5=RCC
Mcu.IP6=SPI1
Mcu.IP7=SYS
Mcu.IPNb=8
Mcu.Name=STM32F103C(8-B)Tx
Mcu.Package=LQFP48
Mcu.Pin0=PC13-TAMPER-RTC
Mcu.Pin1=PC14-OSC32_IN
Mcu.Pin10=PA6
Mcu.Pin11=PA7
Mcu.Pin12=PB0
Mcu.Pin13=PB1
Mcu.Pin14=PB2
Mcu.Pin15=PB10
Mcu.Pin16=PB11
Mcu.Pin17=PB12
Mcu.Pin18=PB13
Mcu.Pin19=PB14
Mcu.Pin2=PC15-OSC32_OUT
Mcu.Pin20=PB15
Mcu.Pin21=PA11
Mcu.Pin22=PA12
Mcu.Pin23=PA13
Mcu.Pin24=PA14
Mcu.Pin25=PA15
Mcu.Pin26=PB3
Mcu.Pin27=PB4
Mcu.Pin28=PB5
Mcu.Pin29=PB6
Mcu.Pin3=PD0-OSC_IN
Mcu.Pin30=PB7
Mcu.Pin31=PB8
Mcu.Pin32=VP_FREERTOS_VS_ENABLE
Mcu.Pin4=PD1-OSC_OUT
Mcu.Pin5=PA0-WKUP
Mcu.Pin6=PA2
Mcu.Pin7=PA3
Mcu.Pin8=PA4
Mcu.Pin9=PA5
Mcu.PinsNb=33
Mcu.UserName=STM32F103CBTx
MxCube.Version=4.7.1
MxDb.Version=DB.4.0.71
NVIC.DMA1_Channel3_IRQn=true\:5\:0\:false
NVIC.PriorityGroup=NVIC_PRIORITYGROUP_4
NVIC.SysTick_IRQn=true\:0\:0\:false
PA0-WKUP.GPIOParameters=GPIO_Label
PA0-WKUP.GPIO_Label=ANALOG_LEAKAGE_IN
PA0-WKUP.Signal=ADCx_IN0
PA11.GPIOParameters=GPIO_PuPd,GPIO_Label,GPIO_Mode
PA11.GPIO_Label=CHW_IN
PA11.GPIO_Mode=GPIO_MODE_INPUT
PA11.GPIO_PuPd=GPIO_PULLUP
PA11.Locked=true
PA11.Signal=GPIO_Input
PA12.GPIOParameters=GPIO_PuPd,GPIO_Label,GPIO_Mode
PA12.GPIO_Label=CCW_IN
PA12.GPIO_Mode=GPIO_MODE_INPUT
PA12.GPIO_PuPd=GPIO_PULLUP
PA12.Locked=true
PA12.Signal=GPIO_Input
PA13.Locked=true
PA13.Mode=Serial_Wire
PA13.Signal=SYS_JTMS-SWDIO
PA14.Locked=true
PA14.Mode=Serial_Wire
PA14.Signal=SYS_JTCK-SWCLK
PA15.GPIOParameters=GPIO_Label
PA15.GPIO_Label=NRF24_CSN
PA15.Locked=true
PA15.Signal=GPIO_Output
PA2.GPIOParameters=GPIO_Speed,GPIO_Label,GPIO_ModeDefaultOutputPP
PA2.GPIO_Label=TFT_RESER
PA2.GPIO_ModeDefaultOutputPP=GPIO_MODE_OUTPUT_PP
PA2.GPIO_Speed=GPIO_SPEED_HIGH
PA2.Locked=true
PA2.Signal=GPIO_Output
PA3.GPIOParameters=GPIO_Speed,GPIO_Label,GPIO_ModeDefaultOutputPP
PA3.GPIO_Label=TFT_DATA
PA3.GPIO_ModeDefaultOutputPP=GPIO_MODE_OUTPUT_PP
PA3.GPIO_Speed=GPIO_SPEED_HIGH
PA3.Locked=true
PA3.Signal=GPIO_Output
PA4.GPIOParameters=GPIO_Speed,GPIO_Label,GPIO_ModeDefaultOutputPP
PA4.GPIO_Label=TFT_CS
PA4.GPIO_ModeDefaultOutputPP=GPIO_MODE_OUTPUT_PP
PA4.GPIO_Speed=GPIO_SPEED_HIGH
PA4.Locked=true
PA4.Signal=GPIO_Output
PA5.GPIOParameters=GPIO_Speed,GPIO_Mode
PA5.GPIO_Mode=GPIO_MODE_AF_PP
PA5.GPIO_Speed=GPIO_SPEED_HIGH
PA5.Locked=true
PA5.Mode=Full_Duplex_Master
PA5.Signal=SPI1_SCK
PA6.Locked=true
PA6.Mode=Full_Duplex_Master
PA6.Signal=SPI1_MISO
PA7.GPIOParameters=GPIO_Speed,GPIO_Mode
PA7.GPIO_Mode=GPIO_MODE_AF_PP
PA7.GPIO_Speed=GPIO_SPEED_HIGH
PA7.Locked=true
PA7.Mode=Full_Duplex_Master
PA7.Signal=SPI1_MOSI
PB0.GPIOParameters=GPIO_Speed,GPIO_Label,GPIO_ModeDefaultOutputPP
PB0.GPIO_Label=TFT_LIGHT
PB0.GPIO_ModeDefaultOutputPP=GPIO_MODE_OUTPUT_PP
PB0.GPIO_Speed=GPIO_SPEED_LOW
PB0.Locked=true
PB0.Signal=GPIO_Output
PB1.GPIOParameters=GPIO_Speed,GPIO_Label,GPIO_ModeDefaultOutputPP
PB1.GPIO_Label=ONBOARD_LED
PB1.GPIO_ModeDefaultOutputPP=GPIO_MODE_OUTPUT_PP
PB1.GPIO_Speed=GPIO_SPEED_LOW
PB1.Locked=true
PB1.Signal=GPIO_Output
PB10.GPIOParameters=GPIO_PuPd,GPIO_Label,GPIO_Mode
PB10.GPIO_Label=ENCODER_A_IN
PB10.GPIO_Mode=GPIO_MODE_INPUT
PB10.GPIO_PuPd=GPIO_PULLUP
PB10.Locked=true
PB10.Signal=GPIO_Input
PB11.GPIOParameters=GPIO_PuPd,GPIO_Label,GPIO_Mode
PB11.GPIO_Label=ENCODER_B_IN
PB11.GPIO_Mode=GPIO_MODE_INPUT
PB11.GPIO_PuPd=GPIO_PULLUP
PB11.Locked=true
PB11.Signal=GPIO_Input
PB12.GPIOParameters=GPIO_Speed,GPIO_Label,GPIO_ModeDefaultOutputPP
PB12.GPIO_Label=RELAY_1_OUT
PB12.GPIO_ModeDefaultOutputPP=GPIO_MODE_OUTPUT_PP
PB12.GPIO_Speed=GPIO_SPEED_LOW
PB12.Locked=true
PB12.Signal=GPIO_Output
PB13.GPIOParameters=GPIO_Speed,GPIO_Label,GPIO_ModeDefaultOutputPP
PB13.GPIO_Label=RELAY_2_OUT
PB13.GPIO_ModeDefaultOutputPP=GPIO_MODE_OUTPUT_PP
PB13.GPIO_Speed=GPIO_SPEED_LOW
PB13.Locked=true
PB13.Signal=GPIO_Output
PB14.GPIOParameters=GPIO_PuPd,GPIO_Label,GPIO_Mode
PB14.GPIO_Label=VALVE_SWITCH_IN
PB14.GPIO_Mode=GPIO_MODE_INPUT
PB14.GPIO_PuPd=GPIO_PULLUP
PB14.Locked=true
PB14.Signal=GPIO_Input
PB15.GPIOParameters=GPIO_PuPd,GPIO_Label,GPIO_Mode
PB15.GPIO_Label=RED_BUTTON
PB15.GPIO_Mode=GPIO_MODE_INPUT
PB15.GPIO_PuPd=GPIO_PULLUP
PB15.Locked=true
PB15.Signal=GPIO_Input
PB2.GPIOParameters=GPIO_PuPd,GPIO_Label,GPIO_Mode
PB2.GPIO_Label=ENCODER_BUTTON
PB2.GPIO_Mode=GPIO_MODE_INPUT
PB2.GPIO_PuPd=GPIO_PULLUP
PB2.Locked=true
PB2.Signal=GPIO_Input
PB3.GPIOParameters=GPIO_Speed,GPIO_Label,GPIO_ModeDefaultOutputPP
PB3.GPIO_Label=MAIN_LED_R
PB3.GPIO_ModeDefaultOutputPP=GPIO_MODE_OUTPUT_PP
PB3.GPIO_Speed=GPIO_SPEED_LOW
PB3.Locked=true
PB3.Signal=GPIO_Output
PB4.GPIOParameters=GPIO_Speed,GPIO_Label,GPIO_ModeDefaultOutputPP
PB4.GPIO_Label=MAIN_LED_G
PB4.GPIO_ModeDefaultOutputPP=GPIO_MODE_OUTPUT_PP
PB4.GPIO_Speed=GPIO_SPEED_LOW
PB4.Locked=true
PB4.Signal=GPIO_Output
PB5.GPIOParameters=GPIO_Speed,GPIO_Label,GPIO_ModeDefaultOutputPP
PB5.GPIO_Label=MAIN_LED_B
PB5.GPIO_ModeDefaultOutputPP=GPIO_MODE_OUTPUT_PP
PB5.GPIO_Speed=GPIO_SPEED_LOW
PB5.Locked=true
PB5.Signal=GPIO_Output
PB6.Locked=true
PB6.Mode=I2C
PB6.Signal=I2C1_SCL
PB7.Locked=true
PB7.Mode=I2C
PB7.Signal=I2C1_SDA
PB8.GPIOParameters=GPIO_PuPd,GPIO_Label,GPIO_Mode
PB8.GPIO_Label=ONBOARD_BUTTON
PB8.GPIO_Mode=GPIO_MODE_INPUT
PB8.GPIO_PuPd=GPIO_NOPULL
PB8.Locked=true
PB8.Signal=GPIO_Input
PC13-TAMPER-RTC.GPIOParameters=GPIO_Speed,GPIO_Label,GPIO_ModeDefaultOutputPP
PC13-TAMPER-RTC.GPIO_Label=BUZZER
PC13-TAMPER-RTC.GPIO_ModeDefaultOutputPP=GPIO_MODE_OUTPUT_OD
PC13-TAMPER-RTC.GPIO_Speed=GPIO_SPEED_LOW
PC13-TAMPER-RTC.Locked=true
PC13-TAMPER-RTC.Signal=GPIO_Output
PC14-OSC32_IN.GPIOParameters=GPIO_Label
PC14-OSC32_IN.GPIO_Label=NRF24_CE
PC14-OSC32_IN.Locked=true
PC14-OSC32_IN.Signal=GPIO_Output
PC15-OSC32_OUT.GPIOParameters=GPIO_PuPd,GPIO_Label,GPIO_Mode
PC15-OSC32_OUT.GPIO_Label=DIGITAL_LEAKAGE_IN
PC15-OSC32_OUT.GPIO_Mode=GPIO_MODE_INPUT
PC15-OSC32_OUT.GPIO_PuPd=GPIO_NOPULL
PC15-OSC32_OUT.Locked=true
PC15-OSC32_OUT.Signal=GPIO_Input
PCC.Checker=false
PCC.Family=STM32F1
PCC.MCU=STM32F103C(8-B)Tx
PCC.MXVersion=4.7.1
PCC.PartNumber=STM32F103CBTx
PCC.Seq0=0
PCC.SubFamily=STM32F103
PCC.Temperature=25
PCC.Vdd=3.3
PD0-OSC_IN.Locked=true
PD0-OSC_IN.Mode=HSE-External-Oscillator
PD0-OSC_IN.Signal=RCC_OSC_IN
PD1-OSC_OUT.Locked=true
PD1-OSC_OUT.Mode=HSE-External-Oscillator
PD1-OSC_OUT.Signal=RCC_OSC_OUT
ProjectManager.AskForMigrate=true
ProjectManager.BackupPrevious=false
ProjectManager.CompilerOptimize=2
ProjectManager.ComputerToolchain=false
ProjectManager.CoupleFile=false
ProjectManager.DeletePrevious=true
ProjectManager.DeviceId=STM32F103CBTx
ProjectManager.FirmwarePackage=STM32Cube FW_F1 V1.0.0
ProjectManager.FreePins=true
ProjectManager.HalAssertFull=false
ProjectManager.KeepUserCode=true
ProjectManager.LastFirmware=true
ProjectManager.LibraryCopy=0
ProjectManager.ProjectBuild=false
ProjectManager.ProjectFileName=water-control.ioc
ProjectManager.ProjectName=water-control
ProjectManager.TargetToolchain=MDK-ARM V5
ProjectManager.ToolChainLocation=
RCC.ADCFreqValue=12000000
RCC.ADCPresc=RCC_ADCPCLK2_DIV6
RCC.AHBFreq_Value=72000000
RCC.APB1CLKDivider=RCC_HCLK_DIV2
RCC.APB1Freq_Value=36000000
RCC.APB1TimFreq_Value=72000000
RCC.APB2Freq_Value=72000000
RCC.APB2TimFreq_Value=72000000
RCC.FCLKCortexFreq_Value=72000000
RCC.FamilyName=M
RCC.HCLKFreq_Value=72000000
RCC.IPParameters=PLLSource,VCOOutput2Freq_Value,PLLMUL,RTCFreq_Value,PLLMCOFreq_Value,FamilyName,APB1TimFreq_Value,APB2Freq_Value,APB1CLKDivider,HCLKFreq_Value,FCLKCortexFreq_Value,USBFreq_Value,ADCPresc,AHBFreq_Value,PLLSourceVirtual,TimSysFreq_Value,ADCFreqValue,SYSCLKFreq_VALUE,SYSCLKSource,MCOFreq_Value,RTCClockSelection,APB1Freq_Value,USBPrescaler,PLLCLKFreq_Value,APB2TimFreq_Value
RCC.MCOFreq_Value=72000000
RCC.PLLCLKFreq_Value=72000000
RCC.PLLMCOFreq_Value=36000000
RCC.PLLMUL=RCC_PLL_MUL9
RCC.PLLSource=RCC_PLLSOURCE_HSE
RCC.PLLSourceVirtual=RCC_PLLSOURCE_HSE
RCC.RTCClockSelection=RCC_RTCCLKSOURCE_HSE_DIV128
RCC.RTCFreq_Value=62500
RCC.SYSCLKFreq_VALUE=72000000
RCC.SYSCLKSource=RCC_SYSCLKSOURCE_PLLCLK
RCC.TimSysFreq_Value=9000000
RCC.USBFreq_Value=48000000
RCC.USBPrescaler=RCC_USBPLLCLK_DIV1_5
RCC.VCOOutput2Freq_Value=8000000
SH.ADCx_IN0.0=ADC2_IN0,IN0
SH.ADCx_IN0.ConfNb=1
SPI1.BaudRatePrescaler=SPI_BAUDRATEPRESCALER_4
SPI1.CalculateBaudRate=18.0 MBits/s
SPI1.IPParameters=BaudRatePrescaler,Mode,CalculateBaudRate
SPI1.Mode=SPI_MODE_MASTER
VP_FREERTOS_VS_ENABLE.Mode=Enabled
VP_FREERTOS_VS_ENABLE.Signal=FREERTOS_VS_ENABLE
